<?xml version="1.0" encoding="utf-8"?>
<Project ToolsVersion="4.0" xmlns="http://schemas.microsoft.com/developer/msbuild/2003">
  <ItemGroup>
    <ClCompile Include="Common\Matrix.cpp" />
    <ClCompile Include="Common\Position.cpp" />
    <ClCompile Include="Common\Vector.cpp" />
    <ClCompile Include="main.cpp" />
    <ClCompile Include="View\View.cpp" />
    <ClCompile Include="Common\ObjParser.cpp" />
    <ClCompile Include="Model\Chess.cpp">
      <Filter>Model</Filter>
    </ClCompile>
    <ClCompile Include="Model\ClassicChess.cpp">
      <Filter>Model</Filter>
    </ClCompile>
    <ClCompile Include="Model\Exhibit.cpp">
      <Filter>Model</Filter>
    </ClCompile>
  </ItemGroup>
  <ItemGroup>
    <ClInclude Include="Common\MathBase.h" />
    <ClInclude Include="Common\Common.h" />
    <ClInclude Include="Common\Matrix.h" />
    <ClInclude Include="Common\Position.h" />
    <ClInclude Include="Common\Vector.h" />
    <ClInclude Include="Common\vectors.h" />
    <ClInclude Include="TEST\TEST.h" />
    <ClInclude Include="TEST\TEST_ObjImport.h" />
    <ClInclude Include="TEST\TEST_VectorPosition.h" />
    <ClInclude Include="ViewModel\TriangleMesh.h" />
    <ClInclude Include="View\View.h" />
    <ClInclude Include="Common\ObjParser.h" />
    <ClInclude Include="Model\Chess.h">
      <Filter>Model</Filter>
    </ClInclude>
    <ClInclude Include="Model\ClassicChess.h">
      <Filter>Model</Filter>
    </ClInclude>
    <ClInclude Include="Model\Exhibit.h">
      <Filter>Model</Filter>
    </ClInclude>
    <ClInclude Include="Model\Model.h">
      <Filter>Model</Filter>
    </ClInclude>
  </ItemGroup>
  <ItemGroup>
    <Filter Include="Model">
      <UniqueIdentifier>{4448c56d-9dda-4c9d-bc44-3441f7baca21}</UniqueIdentifier>
    </Filter>
    <Filter Include="Common">
      <UniqueIdentifier>{560d7460-8d2d-4f01-b4d9-9e2c80ab857b}</UniqueIdentifier>
    </Filter>
  </ItemGroup>
</Project>