<?xml version="1.0" encoding="utf-8"?>
<Project ToolsVersion="4.0" xmlns="http://schemas.microsoft.com/developer/msbuild/2003">
  <ItemGroup>
    <ClCompile Include="Common\Matrix.cpp" />
    <ClCompile Include="Common\ObjParser.cpp" />
    <ClCompile Include="Common\Position.cpp" />
    <ClCompile Include="Common\textfile.cpp" />
    <ClCompile Include="Common\Vector.cpp" />
    <ClCompile Include="Light\light.cpp" />
    <ClCompile Include="main.cpp" />
    <ClCompile Include="Model\Chess.cpp" />
    <ClCompile Include="Model\ClassicChess.cpp" />
    <ClCompile Include="Model\Exhibit.cpp" />
    <ClCompile Include="Model\Map.cpp" />
    <ClCompile Include="Model\Model.cpp" />
    <ClCompile Include="ViewModel\TriangleMesh.cpp" />
    <ClCompile Include="ViewModel\ViewGroup.cpp" />
    <ClCompile Include="ViewModel\ViewObject.cpp" />
    <ClCompile Include="ViewModel\ViewScene.cpp" />
    <ClCompile Include="View\View.cpp" />
  </ItemGroup>
  <ItemGroup>
    <ClInclude Include="Common\MathBase.h" />
    <ClInclude Include="Common\Common.h" />
    <ClInclude Include="Common\Matrix.h" />
    <ClInclude Include="Common\ObjParser.h" />
    <ClInclude Include="Common\Position.h" />
    <ClInclude Include="Common\textfile.h" />
    <ClInclude Include="Common\Vector.h" />
    <ClInclude Include="Common\vectors.h" />
    <ClInclude Include="Light\light.h" />
    <ClInclude Include="Model\Chess.h" />
    <ClInclude Include="Model\ClassicChess.h" />
    <ClInclude Include="Model\Exhibit.h" />
    <ClInclude Include="Model\Map.h" />
    <ClInclude Include="Model\Model.h" />
    <ClInclude Include="TEST\TEST.h" />
    <ClInclude Include="TEST\TEST_ObjImport.h" />
    <ClInclude Include="TEST\TEST_VectorPosition.h" />
    <ClInclude Include="ViewModel\TriangleMesh.h" />
    <ClInclude Include="ViewModel\ViewGroup.h" />
    <ClInclude Include="ViewModel\ViewModel.h" />
    <ClInclude Include="ViewModel\ViewObject.h" />
    <ClInclude Include="ViewModel\ViewScene.h" />
    <ClInclude Include="View\View.h" />
  </ItemGroup>
  <ItemGroup>
    <Text Include="Data\DefaultChess.txt" />
    <Text Include="Data\DefaultMap.txt" />
  </ItemGroup>
</Project>